
Microsoft Visual Studio Solution File, Format Version 12.00
# Visual Studio Version 16
VisualStudioVersion = 16.0.30611.23
MinimumVisualStudioVersion = 10.0.40219.1
Project("{9A19103F-16F7-4668-BE54-9A1E7A4F7556}") = "AdressBook", "AdressBook\AdressBook.csproj", "{870A5C4E-7194-4742-ACEC-64E759D00DA0}"
EndProject
Project("{FAE04EC0-301F-11D3-BF4B-00C04F79EFBC}") = "AddressBook.Tests", "AddressBook.Tests\AddressBook.Tests.csproj", "{13876884-C80E-47E0-A33D-7AA944B47C11}"
EndProject
Global
	GlobalSection(SolutionConfigurationPlatforms) = preSolution
		Debug|Any CPU = Debug|Any CPU
		Release|Any CPU = Release|Any CPU
	EndGlobalSection
	GlobalSection(ProjectConfigurationPlatforms) = postSolution
		{870A5C4E-7194-4742-ACEC-64E759D00DA0}.Debug|Any CPU.ActiveCfg = Debug|Any CPU
		{870A5C4E-7194-4742-ACEC-64E759D00DA0}.Debug|Any CPU.Build.0 = Debug|Any CPU
		{870A5C4E-7194-4742-ACEC-64E759D00DA0}.Release|Any CPU.ActiveCfg = Release|Any CPU
		{870A5C4E-7194-4742-ACEC-64E759D00DA0}.Release|Any CPU.Build.0 = Release|Any CPU
		{13876884-C80E-47E0-A33D-7AA944B47C11}.Debug|Any CPU.ActiveCfg = Debug|Any CPU
		{13876884-C80E-47E0-A33D-7AA944B47C11}.Debug|Any CPU.Build.0 = Debug|Any CPU
		{13876884-C80E-47E0-A33D-7AA944B47C11}.Release|Any CPU.ActiveCfg = Release|Any CPU
		{13876884-C80E-47E0-A33D-7AA944B47C11}.Release|Any CPU.Build.0 = Release|Any CPU
	EndGlobalSection
	GlobalSection(SolutionProperties) = preSolution
		HideSolutionNode = FALSE
	EndGlobalSection
	GlobalSection(ExtensibilityGlobals) = postSolution
		SolutionGuid = {3DB04708-269A-45EC-BFCD-E31FABA476C0}
	EndGlobalSection
EndGlobal
